// !$*UTF8*$!
{
	archiveVersion = 1;
	classes = {
	};
	objectVersion = 50;
	objects = {

/* Begin PBXBuildFile section */
		D03F5DF020F8E46D00ED8884 /* BlocksOne.swift in Sources */ = {isa = PBXBuildFile; fileRef = D03F5DEF20F8E46D00ED8884 /* BlocksOne.swift */; };
		D03F5DF220F908FC00ED8884 /* Util.swift in Sources */ = {isa = PBXBuildFile; fileRef = D03F5DF120F908FC00ED8884 /* Util.swift */; };
		D03F5DF420F90F1A00ED8884 /* DelegatesOne.swift in Sources */ = {isa = PBXBuildFile; fileRef = D03F5DF320F90F1A00ED8884 /* DelegatesOne.swift */; };
		D03F5DF620F92DE000ED8884 /* LoaderOne.swift in Sources */ = {isa = PBXBuildFile; fileRef = D03F5DF520F92DE000ED8884 /* LoaderOne.swift */; };
		D03F5DF820F92F4400ED8884 /* PeersOne.swift in Sources */ = {isa = PBXBuildFile; fileRef = D03F5DF720F92F4400ED8884 /* PeersOne.swift */; };
		D03F5DFA20F9311800ED8884 /* SignaturesOne.swift in Sources */ = {isa = PBXBuildFile; fileRef = D03F5DF920F9311800ED8884 /* SignaturesOne.swift */; };
		D03F5DFC20F931ED00ED8884 /* TransactionsOne.swift in Sources */ = {isa = PBXBuildFile; fileRef = D03F5DFB20F931ED00ED8884 /* TransactionsOne.swift */; };
		D03F5DFE20FA79F700ED8884 /* AccountsOneTest.swift in Sources */ = {isa = PBXBuildFile; fileRef = D03F5DFD20FA79F700ED8884 /* AccountsOneTest.swift */; };
		D03F5E0420FA9A1F00ED8884 /* One.swift in Sources */ = {isa = PBXBuildFile; fileRef = D03F5E0320FA9A1F00ED8884 /* One.swift */; };
		D03F5E0620FA9A4000ED8884 /* Two.swift in Sources */ = {isa = PBXBuildFile; fileRef = D03F5E0520FA9A4000ED8884 /* Two.swift */; };
		D03F5E0A20FAA4EA00ED8884 /* BlocksTwo.swift in Sources */ = {isa = PBXBuildFile; fileRef = D03F5E0920FAA4EA00ED8884 /* BlocksTwo.swift */; };
		D03F5E0D20FAB6CD00ED8884 /* DelegatesTwo.swift in Sources */ = {isa = PBXBuildFile; fileRef = D03F5E0C20FAB6CD00ED8884 /* DelegatesTwo.swift */; };
		D03F5E0F20FAB88D00ED8884 /* NodeTwo.swift in Sources */ = {isa = PBXBuildFile; fileRef = D03F5E0E20FAB88D00ED8884 /* NodeTwo.swift */; };
		D03F5E1120FAB93A00ED8884 /* PeersTwo.swift in Sources */ = {isa = PBXBuildFile; fileRef = D03F5E1020FAB93A00ED8884 /* PeersTwo.swift */; };
		D03F5E1320FAB9BF00ED8884 /* VotesTwo.swift in Sources */ = {isa = PBXBuildFile; fileRef = D03F5E1220FAB9BF00ED8884 /* VotesTwo.swift */; };
		D03F5E1520FABF3E00ED8884 /* WalletsTwo.swift in Sources */ = {isa = PBXBuildFile; fileRef = D03F5E1420FABF3E00ED8884 /* WalletsTwo.swift */; };
		D03F5E1920FAC1D900ED8884 /* TransactionsTwo.swift in Sources */ = {isa = PBXBuildFile; fileRef = D03F5E1820FAC1D900ED8884 /* TransactionsTwo.swift */; };
		D03F5E2020FBE5BA00ED8884 /* TestHelpers.swift in Sources */ = {isa = PBXBuildFile; fileRef = D03F5E1F20FBE5BA00ED8884 /* TestHelpers.swift */; };
		D03F5E2220FBE7D700ED8884 /* BlocksOneTest.swift in Sources */ = {isa = PBXBuildFile; fileRef = D03F5E2120FBE7D700ED8884 /* BlocksOneTest.swift */; };
		D03F5E2520FBEEF400ED8884 /* LoaderOneTest.swift in Sources */ = {isa = PBXBuildFile; fileRef = D03F5E2420FBEEF400ED8884 /* LoaderOneTest.swift */; };
		D03F5E2720FBF04C00ED8884 /* PeersOneTest.swift in Sources */ = {isa = PBXBuildFile; fileRef = D03F5E2620FBF04C00ED8884 /* PeersOneTest.swift */; };
		D03F5E2920FBF1A900ED8884 /* SignaturesOneTest.swift in Sources */ = {isa = PBXBuildFile; fileRef = D03F5E2820FBF1A900ED8884 /* SignaturesOneTest.swift */; };
		D03F5E2B20FD21A800ED8884 /* DelegatesOneTest.swift in Sources */ = {isa = PBXBuildFile; fileRef = D03F5E2A20FD21A800ED8884 /* DelegatesOneTest.swift */; };
		D03F5E2D20FD287100ED8884 /* TransactionsOneTest.swift in Sources */ = {isa = PBXBuildFile; fileRef = D03F5E2C20FD287100ED8884 /* TransactionsOneTest.swift */; };
		D03F5E31210141A100ED8884 /* BlocksTwoTest.swift in Sources */ = {isa = PBXBuildFile; fileRef = D03F5E30210141A100ED8884 /* BlocksTwoTest.swift */; };
		D03F5E3321014A6C00ED8884 /* DelegatesTwoTest.swift in Sources */ = {isa = PBXBuildFile; fileRef = D03F5E3221014A6C00ED8884 /* DelegatesTwoTest.swift */; };
		D03F5E352101504D00ED8884 /* NodeTwoTest.swift in Sources */ = {isa = PBXBuildFile; fileRef = D03F5E342101504D00ED8884 /* NodeTwoTest.swift */; };
		D03F5E372101512800ED8884 /* PeersTwoTest.swift in Sources */ = {isa = PBXBuildFile; fileRef = D03F5E362101512800ED8884 /* PeersTwoTest.swift */; };
		D03F5E39210151E200ED8884 /* VotesTwoTest.swift in Sources */ = {isa = PBXBuildFile; fileRef = D03F5E38210151E200ED8884 /* VotesTwoTest.swift */; };
		D03F5E3B2101551600ED8884 /* WalletsTwoTest.swift in Sources */ = {isa = PBXBuildFile; fileRef = D03F5E3A2101551600ED8884 /* WalletsTwoTest.swift */; };
		D03F5E3D2101575500ED8884 /* TransactionsTwoTest.swift in Sources */ = {isa = PBXBuildFile; fileRef = D03F5E3C2101575500ED8884 /* TransactionsTwoTest.swift */; };
		D03F5E652103B04500ED8884 /* ConnectionManager.swift in Sources */ = {isa = PBXBuildFile; fileRef = D03F5E642103B04500ED8884 /* ConnectionManager.swift */; };
		D03F5E672103B97A00ED8884 /* ConnectionManagerTest.swift in Sources */ = {isa = PBXBuildFile; fileRef = D03F5E662103B97A00ED8884 /* ConnectionManagerTest.swift */; };
		D03F5E762104BC9400ED8884 /* Client.framework in Frameworks */ = {isa = PBXBuildFile; fileRef = D03F5E6D2104BC9300ED8884 /* Client.framework */; };
		D03F5E8A2105053100ED8884 /* Client.h in Headers */ = {isa = PBXBuildFile; fileRef = D0DE446720F52ADF00079494 /* Client.h */; settings = {ATTRIBUTES = (Public, ); }; };
		D03F5E8B2105056100ED8884 /* ArkError.swift in Sources */ = {isa = PBXBuildFile; fileRef = D0DE448C20F6941900079494 /* ArkError.swift */; };
		D03F5E8C2105056100ED8884 /* Connection.swift in Sources */ = {isa = PBXBuildFile; fileRef = D0DE448620F53A8E00079494 /* Connection.swift */; };
		D03F5E8D2105056100ED8884 /* ConnectionManager.swift in Sources */ = {isa = PBXBuildFile; fileRef = D03F5E642103B04500ED8884 /* ConnectionManager.swift */; };
		D03F5E8E2105056100ED8884 /* Util.swift in Sources */ = {isa = PBXBuildFile; fileRef = D03F5DF120F908FC00ED8884 /* Util.swift */; };
		D03F5E8F210505AA00ED8884 /* One.swift in Sources */ = {isa = PBXBuildFile; fileRef = D03F5E0320FA9A1F00ED8884 /* One.swift */; };
		D03F5E90210505AA00ED8884 /* AccountsOne.swift in Sources */ = {isa = PBXBuildFile; fileRef = D0DE448820F53B2100079494 /* AccountsOne.swift */; };
		D03F5E91210505AA00ED8884 /* BlocksOne.swift in Sources */ = {isa = PBXBuildFile; fileRef = D03F5DEF20F8E46D00ED8884 /* BlocksOne.swift */; };
		D03F5E92210505AA00ED8884 /* DelegatesOne.swift in Sources */ = {isa = PBXBuildFile; fileRef = D03F5DF320F90F1A00ED8884 /* DelegatesOne.swift */; };
		D03F5E93210505AA00ED8884 /* LoaderOne.swift in Sources */ = {isa = PBXBuildFile; fileRef = D03F5DF520F92DE000ED8884 /* LoaderOne.swift */; };
		D03F5E94210505AA00ED8884 /* PeersOne.swift in Sources */ = {isa = PBXBuildFile; fileRef = D03F5DF720F92F4400ED8884 /* PeersOne.swift */; };
		D03F5E95210505AA00ED8884 /* SignaturesOne.swift in Sources */ = {isa = PBXBuildFile; fileRef = D03F5DF920F9311800ED8884 /* SignaturesOne.swift */; };
		D03F5E96210505AA00ED8884 /* TransactionsOne.swift in Sources */ = {isa = PBXBuildFile; fileRef = D03F5DFB20F931ED00ED8884 /* TransactionsOne.swift */; };
		D03F5E97210505B100ED8884 /* Two.swift in Sources */ = {isa = PBXBuildFile; fileRef = D03F5E0520FA9A4000ED8884 /* Two.swift */; };
		D03F5E98210505B100ED8884 /* BlocksTwo.swift in Sources */ = {isa = PBXBuildFile; fileRef = D03F5E0920FAA4EA00ED8884 /* BlocksTwo.swift */; };
		D03F5E99210505B100ED8884 /* DelegatesTwo.swift in Sources */ = {isa = PBXBuildFile; fileRef = D03F5E0C20FAB6CD00ED8884 /* DelegatesTwo.swift */; };
		D03F5E9A210505B100ED8884 /* NodeTwo.swift in Sources */ = {isa = PBXBuildFile; fileRef = D03F5E0E20FAB88D00ED8884 /* NodeTwo.swift */; };
		D03F5E9B210505B100ED8884 /* PeersTwo.swift in Sources */ = {isa = PBXBuildFile; fileRef = D03F5E1020FAB93A00ED8884 /* PeersTwo.swift */; };
		D03F5E9C210505B100ED8884 /* TransactionsTwo.swift in Sources */ = {isa = PBXBuildFile; fileRef = D03F5E1820FAC1D900ED8884 /* TransactionsTwo.swift */; };
		D03F5E9D210505B100ED8884 /* VotesTwo.swift in Sources */ = {isa = PBXBuildFile; fileRef = D03F5E1220FAB9BF00ED8884 /* VotesTwo.swift */; };
		D03F5E9E210505B100ED8884 /* WalletsTwo.swift in Sources */ = {isa = PBXBuildFile; fileRef = D03F5E1420FABF3E00ED8884 /* WalletsTwo.swift */; };
		D03F5E9F210505CA00ED8884 /* AccountsOneTest.swift in Sources */ = {isa = PBXBuildFile; fileRef = D03F5DFD20FA79F700ED8884 /* AccountsOneTest.swift */; };
		D03F5EA0210505CA00ED8884 /* BlocksOneTest.swift in Sources */ = {isa = PBXBuildFile; fileRef = D03F5E2120FBE7D700ED8884 /* BlocksOneTest.swift */; };
		D03F5EA1210505CA00ED8884 /* DelegatesOneTest.swift in Sources */ = {isa = PBXBuildFile; fileRef = D03F5E2A20FD21A800ED8884 /* DelegatesOneTest.swift */; };
		D03F5EA2210505CA00ED8884 /* LoaderOneTest.swift in Sources */ = {isa = PBXBuildFile; fileRef = D03F5E2420FBEEF400ED8884 /* LoaderOneTest.swift */; };
		D03F5EA3210505CA00ED8884 /* PeersOneTest.swift in Sources */ = {isa = PBXBuildFile; fileRef = D03F5E2620FBF04C00ED8884 /* PeersOneTest.swift */; };
		D03F5EA4210505CA00ED8884 /* SignaturesOneTest.swift in Sources */ = {isa = PBXBuildFile; fileRef = D03F5E2820FBF1A900ED8884 /* SignaturesOneTest.swift */; };
		D03F5EA5210505CA00ED8884 /* TransactionsOneTest.swift in Sources */ = {isa = PBXBuildFile; fileRef = D03F5E2C20FD287100ED8884 /* TransactionsOneTest.swift */; };
		D03F5EA6210505CE00ED8884 /* BlocksTwoTest.swift in Sources */ = {isa = PBXBuildFile; fileRef = D03F5E30210141A100ED8884 /* BlocksTwoTest.swift */; };
		D03F5EA7210505CE00ED8884 /* DelegatesTwoTest.swift in Sources */ = {isa = PBXBuildFile; fileRef = D03F5E3221014A6C00ED8884 /* DelegatesTwoTest.swift */; };
		D03F5EA8210505CE00ED8884 /* NodeTwoTest.swift in Sources */ = {isa = PBXBuildFile; fileRef = D03F5E342101504D00ED8884 /* NodeTwoTest.swift */; };
		D03F5EA9210505CE00ED8884 /* PeersTwoTest.swift in Sources */ = {isa = PBXBuildFile; fileRef = D03F5E362101512800ED8884 /* PeersTwoTest.swift */; };
		D03F5EAA210505CE00ED8884 /* TransactionsTwoTest.swift in Sources */ = {isa = PBXBuildFile; fileRef = D03F5E3C2101575500ED8884 /* TransactionsTwoTest.swift */; };
		D03F5EAB210505CE00ED8884 /* VotesTwoTest.swift in Sources */ = {isa = PBXBuildFile; fileRef = D03F5E38210151E200ED8884 /* VotesTwoTest.swift */; };
		D03F5EAC210505CE00ED8884 /* WalletsTwoTest.swift in Sources */ = {isa = PBXBuildFile; fileRef = D03F5E3A2101551600ED8884 /* WalletsTwoTest.swift */; };
		D03F5EAD210505D400ED8884 /* ConnectionManagerTest.swift in Sources */ = {isa = PBXBuildFile; fileRef = D03F5E662103B97A00ED8884 /* ConnectionManagerTest.swift */; };
		D03F5EAE210505D700ED8884 /* TestHelpers.swift in Sources */ = {isa = PBXBuildFile; fileRef = D03F5E1F20FBE5BA00ED8884 /* TestHelpers.swift */; };
		D0DE446E20F52ADF00079494 /* Client.framework in Frameworks */ = {isa = PBXBuildFile; fileRef = D0DE446420F52ADF00079494 /* Client.framework */; };
		D0DE447520F52ADF00079494 /* Client.h in Headers */ = {isa = PBXBuildFile; fileRef = D0DE446720F52ADF00079494 /* Client.h */; settings = {ATTRIBUTES = (Public, ); }; };
		D0DE448220F5377100079494 /* Alamofire.framework in Frameworks */ = {isa = PBXBuildFile; fileRef = D0DE448120F5377000079494 /* Alamofire.framework */; };
		D0DE448320F5377100079494 /* Alamofire.framework in Frameworks */ = {isa = PBXBuildFile; fileRef = D0DE448120F5377000079494 /* Alamofire.framework */; };
		D0DE448720F53A8E00079494 /* Connection.swift in Sources */ = {isa = PBXBuildFile; fileRef = D0DE448620F53A8E00079494 /* Connection.swift */; };
		D0DE448920F53B2100079494 /* AccountsOne.swift in Sources */ = {isa = PBXBuildFile; fileRef = D0DE448820F53B2100079494 /* AccountsOne.swift */; };
		D0DE448B20F544C400079494 /* Alamofire.framework in CopyFiles */ = {isa = PBXBuildFile; fileRef = D0DE448120F5377000079494 /* Alamofire.framework */; settings = {ATTRIBUTES = (CodeSignOnCopy, RemoveHeadersOnCopy, ); }; };
		D0DE448D20F6941900079494 /* ArkError.swift in Sources */ = {isa = PBXBuildFile; fileRef = D0DE448C20F6941900079494 /* ArkError.swift */; };
/* End PBXBuildFile section */

/* Begin PBXContainerItemProxy section */
		D03F5E772104BC9400ED8884 /* PBXContainerItemProxy */ = {
			isa = PBXContainerItemProxy;
			containerPortal = D0DE445B20F52ADF00079494 /* Project object */;
			proxyType = 1;
			remoteGlobalIDString = D03F5E6C2104BC9300ED8884;
			remoteInfo = Client_iOS;
		};
		D0DE446F20F52ADF00079494 /* PBXContainerItemProxy */ = {
			isa = PBXContainerItemProxy;
			containerPortal = D0DE445B20F52ADF00079494 /* Project object */;
			proxyType = 1;
			remoteGlobalIDString = D0DE446320F52ADF00079494;
			remoteInfo = Client;
		};
/* End PBXContainerItemProxy section */

/* Begin PBXCopyFilesBuildPhase section */
		D0DE448A20F544B000079494 /* CopyFiles */ = {
			isa = PBXCopyFilesBuildPhase;
			buildActionMask = 2147483647;
			dstPath = "";
			dstSubfolderSpec = 10;
			files = (
				D0DE448B20F544C400079494 /* Alamofire.framework in CopyFiles */,
			);
			runOnlyForDeploymentPostprocessing = 0;
		};
/* End PBXCopyFilesBuildPhase section */

/* Begin PBXFileReference section */
		D03F5DEF20F8E46D00ED8884 /* BlocksOne.swift */ = {isa = PBXFileReference; lastKnownFileType = sourcecode.swift; path = BlocksOne.swift; sourceTree = "<group>"; };
		D03F5DF120F908FC00ED8884 /* Util.swift */ = {isa = PBXFileReference; lastKnownFileType = sourcecode.swift; path = Util.swift; sourceTree = "<group>"; };
		D03F5DF320F90F1A00ED8884 /* DelegatesOne.swift */ = {isa = PBXFileReference; lastKnownFileType = sourcecode.swift; path = DelegatesOne.swift; sourceTree = "<group>"; };
		D03F5DF520F92DE000ED8884 /* LoaderOne.swift */ = {isa = PBXFileReference; lastKnownFileType = sourcecode.swift; path = LoaderOne.swift; sourceTree = "<group>"; };
		D03F5DF720F92F4400ED8884 /* PeersOne.swift */ = {isa = PBXFileReference; lastKnownFileType = sourcecode.swift; path = PeersOne.swift; sourceTree = "<group>"; };
		D03F5DF920F9311800ED8884 /* SignaturesOne.swift */ = {isa = PBXFileReference; lastKnownFileType = sourcecode.swift; path = SignaturesOne.swift; sourceTree = "<group>"; };
		D03F5DFB20F931ED00ED8884 /* TransactionsOne.swift */ = {isa = PBXFileReference; lastKnownFileType = sourcecode.swift; path = TransactionsOne.swift; sourceTree = "<group>"; };
		D03F5DFD20FA79F700ED8884 /* AccountsOneTest.swift */ = {isa = PBXFileReference; lastKnownFileType = sourcecode.swift; path = AccountsOneTest.swift; sourceTree = "<group>"; };
		D03F5E0320FA9A1F00ED8884 /* One.swift */ = {isa = PBXFileReference; lastKnownFileType = sourcecode.swift; path = One.swift; sourceTree = "<group>"; };
		D03F5E0520FA9A4000ED8884 /* Two.swift */ = {isa = PBXFileReference; lastKnownFileType = sourcecode.swift; path = Two.swift; sourceTree = "<group>"; };
		D03F5E0920FAA4EA00ED8884 /* BlocksTwo.swift */ = {isa = PBXFileReference; lastKnownFileType = sourcecode.swift; path = BlocksTwo.swift; sourceTree = "<group>"; };
		D03F5E0C20FAB6CD00ED8884 /* DelegatesTwo.swift */ = {isa = PBXFileReference; lastKnownFileType = sourcecode.swift; path = DelegatesTwo.swift; sourceTree = "<group>"; };
		D03F5E0E20FAB88D00ED8884 /* NodeTwo.swift */ = {isa = PBXFileReference; lastKnownFileType = sourcecode.swift; path = NodeTwo.swift; sourceTree = "<group>"; };
		D03F5E1020FAB93A00ED8884 /* PeersTwo.swift */ = {isa = PBXFileReference; lastKnownFileType = sourcecode.swift; path = PeersTwo.swift; sourceTree = "<group>"; };
		D03F5E1220FAB9BF00ED8884 /* VotesTwo.swift */ = {isa = PBXFileReference; lastKnownFileType = sourcecode.swift; path = VotesTwo.swift; sourceTree = "<group>"; };
		D03F5E1420FABF3E00ED8884 /* WalletsTwo.swift */ = {isa = PBXFileReference; lastKnownFileType = sourcecode.swift; path = WalletsTwo.swift; sourceTree = "<group>"; };
		D03F5E1820FAC1D900ED8884 /* TransactionsTwo.swift */ = {isa = PBXFileReference; lastKnownFileType = sourcecode.swift; path = TransactionsTwo.swift; sourceTree = "<group>"; };
		D03F5E1F20FBE5BA00ED8884 /* TestHelpers.swift */ = {isa = PBXFileReference; lastKnownFileType = sourcecode.swift; path = TestHelpers.swift; sourceTree = "<group>"; };
		D03F5E2120FBE7D700ED8884 /* BlocksOneTest.swift */ = {isa = PBXFileReference; lastKnownFileType = sourcecode.swift; path = BlocksOneTest.swift; sourceTree = "<group>"; };
		D03F5E2420FBEEF400ED8884 /* LoaderOneTest.swift */ = {isa = PBXFileReference; lastKnownFileType = sourcecode.swift; path = LoaderOneTest.swift; sourceTree = "<group>"; };
		D03F5E2620FBF04C00ED8884 /* PeersOneTest.swift */ = {isa = PBXFileReference; lastKnownFileType = sourcecode.swift; path = PeersOneTest.swift; sourceTree = "<group>"; };
		D03F5E2820FBF1A900ED8884 /* SignaturesOneTest.swift */ = {isa = PBXFileReference; lastKnownFileType = sourcecode.swift; path = SignaturesOneTest.swift; sourceTree = "<group>"; };
		D03F5E2A20FD21A800ED8884 /* DelegatesOneTest.swift */ = {isa = PBXFileReference; lastKnownFileType = sourcecode.swift; path = DelegatesOneTest.swift; sourceTree = "<group>"; };
		D03F5E2C20FD287100ED8884 /* TransactionsOneTest.swift */ = {isa = PBXFileReference; lastKnownFileType = sourcecode.swift; path = TransactionsOneTest.swift; sourceTree = "<group>"; };
		D03F5E30210141A100ED8884 /* BlocksTwoTest.swift */ = {isa = PBXFileReference; lastKnownFileType = sourcecode.swift; path = BlocksTwoTest.swift; sourceTree = "<group>"; };
		D03F5E3221014A6C00ED8884 /* DelegatesTwoTest.swift */ = {isa = PBXFileReference; lastKnownFileType = sourcecode.swift; path = DelegatesTwoTest.swift; sourceTree = "<group>"; };
		D03F5E342101504D00ED8884 /* NodeTwoTest.swift */ = {isa = PBXFileReference; lastKnownFileType = sourcecode.swift; path = NodeTwoTest.swift; sourceTree = "<group>"; };
		D03F5E362101512800ED8884 /* PeersTwoTest.swift */ = {isa = PBXFileReference; lastKnownFileType = sourcecode.swift; path = PeersTwoTest.swift; sourceTree = "<group>"; };
		D03F5E38210151E200ED8884 /* VotesTwoTest.swift */ = {isa = PBXFileReference; lastKnownFileType = sourcecode.swift; path = VotesTwoTest.swift; sourceTree = "<group>"; };
		D03F5E3A2101551600ED8884 /* WalletsTwoTest.swift */ = {isa = PBXFileReference; lastKnownFileType = sourcecode.swift; path = WalletsTwoTest.swift; sourceTree = "<group>"; };
		D03F5E3C2101575500ED8884 /* TransactionsTwoTest.swift */ = {isa = PBXFileReference; lastKnownFileType = sourcecode.swift; path = TransactionsTwoTest.swift; sourceTree = "<group>"; };
		D03F5E642103B04500ED8884 /* ConnectionManager.swift */ = {isa = PBXFileReference; lastKnownFileType = sourcecode.swift; path = ConnectionManager.swift; sourceTree = "<group>"; };
		D03F5E662103B97A00ED8884 /* ConnectionManagerTest.swift */ = {isa = PBXFileReference; lastKnownFileType = sourcecode.swift; path = ConnectionManagerTest.swift; sourceTree = "<group>"; };
		D03F5E6D2104BC9300ED8884 /* Client.framework */ = {isa = PBXFileReference; explicitFileType = wrapper.framework; includeInIndex = 0; path = Client.framework; sourceTree = BUILT_PRODUCTS_DIR; };
		D03F5E752104BC9400ED8884 /* ClientTests.xctest */ = {isa = PBXFileReference; explicitFileType = wrapper.cfbundle; includeInIndex = 0; path = ClientTests.xctest; sourceTree = BUILT_PRODUCTS_DIR; };
		D03F5E88210501D500ED8884 /* Info-iOS.plist */ = {isa = PBXFileReference; lastKnownFileType = text.plist.xml; path = "Info-iOS.plist"; sourceTree = "<group>"; };
		D03F5E89210501E900ED8884 /* Info-iOS.plist */ = {isa = PBXFileReference; lastKnownFileType = text.plist.xml; path = "Info-iOS.plist"; sourceTree = "<group>"; };
		D0DE446420F52ADF00079494 /* Client.framework */ = {isa = PBXFileReference; explicitFileType = wrapper.framework; includeInIndex = 0; path = Client.framework; sourceTree = BUILT_PRODUCTS_DIR; };
		D0DE446720F52ADF00079494 /* Client.h */ = {isa = PBXFileReference; lastKnownFileType = sourcecode.c.h; path = Client.h; sourceTree = "<group>"; };
		D0DE446820F52ADF00079494 /* Info-macOS.plist */ = {isa = PBXFileReference; lastKnownFileType = text.plist.xml; path = "Info-macOS.plist"; sourceTree = "<group>"; };
		D0DE446D20F52ADF00079494 /* ClientTests.xctest */ = {isa = PBXFileReference; explicitFileType = wrapper.cfbundle; includeInIndex = 0; path = ClientTests.xctest; sourceTree = BUILT_PRODUCTS_DIR; };
		D0DE447420F52ADF00079494 /* Info-macOS.plist */ = {isa = PBXFileReference; lastKnownFileType = text.plist.xml; path = "Info-macOS.plist"; sourceTree = "<group>"; };
		D0DE448120F5377000079494 /* Alamofire.framework */ = {isa = PBXFileReference; lastKnownFileType = wrapper.framework; name = Alamofire.framework; path = Carthage/Build/Mac/Alamofire.framework; sourceTree = "<group>"; };
		D0DE448620F53A8E00079494 /* Connection.swift */ = {isa = PBXFileReference; lastKnownFileType = sourcecode.swift; path = Connection.swift; sourceTree = "<group>"; };
		D0DE448820F53B2100079494 /* AccountsOne.swift */ = {isa = PBXFileReference; lastKnownFileType = sourcecode.swift; path = AccountsOne.swift; sourceTree = "<group>"; };
		D0DE448C20F6941900079494 /* ArkError.swift */ = {isa = PBXFileReference; lastKnownFileType = sourcecode.swift; path = ArkError.swift; sourceTree = "<group>"; };
/* End PBXFileReference section */

/* Begin PBXFrameworksBuildPhase section */
		D03F5E692104BC9300ED8884 /* Frameworks */ = {
			isa = PBXFrameworksBuildPhase;
			buildActionMask = 2147483647;
			files = (
			);
			runOnlyForDeploymentPostprocessing = 0;
		};
		D03F5E722104BC9400ED8884 /* Frameworks */ = {
			isa = PBXFrameworksBuildPhase;
			buildActionMask = 2147483647;
			files = (
				D03F5E762104BC9400ED8884 /* Client.framework in Frameworks */,
			);
			runOnlyForDeploymentPostprocessing = 0;
		};
		D0DE446020F52ADF00079494 /* Frameworks */ = {
			isa = PBXFrameworksBuildPhase;
			buildActionMask = 2147483647;
			files = (
				D0DE448220F5377100079494 /* Alamofire.framework in Frameworks */,
			);
			runOnlyForDeploymentPostprocessing = 0;
		};
		D0DE446A20F52ADF00079494 /* Frameworks */ = {
			isa = PBXFrameworksBuildPhase;
			buildActionMask = 2147483647;
			files = (
				D0DE446E20F52ADF00079494 /* Client.framework in Frameworks */,
				D0DE448320F5377100079494 /* Alamofire.framework in Frameworks */,
			);
			runOnlyForDeploymentPostprocessing = 0;
		};
/* End PBXFrameworksBuildPhase section */

/* Begin PBXGroup section */
		D03F5E0720FAA0C800ED8884 /* Api */ = {
			isa = PBXGroup;
			children = (
				D03F5E0820FAA0D000ED8884 /* One */,
				D03F5E2F2101418600ED8884 /* Two */,
			);
			path = Api;
			sourceTree = "<group>";
		};
		D03F5E0820FAA0D000ED8884 /* One */ = {
			isa = PBXGroup;
			children = (
				D03F5DFD20FA79F700ED8884 /* AccountsOneTest.swift */,
				D03F5E2120FBE7D700ED8884 /* BlocksOneTest.swift */,
				D03F5E2A20FD21A800ED8884 /* DelegatesOneTest.swift */,
				D03F5E2420FBEEF400ED8884 /* LoaderOneTest.swift */,
				D03F5E2620FBF04C00ED8884 /* PeersOneTest.swift */,
				D03F5E2820FBF1A900ED8884 /* SignaturesOneTest.swift */,
				D03F5E2C20FD287100ED8884 /* TransactionsOneTest.swift */,
			);
			path = One;
			sourceTree = "<group>";
		};
		D03F5E2F2101418600ED8884 /* Two */ = {
			isa = PBXGroup;
			children = (
				D03F5E30210141A100ED8884 /* BlocksTwoTest.swift */,
				D03F5E3221014A6C00ED8884 /* DelegatesTwoTest.swift */,
				D03F5E342101504D00ED8884 /* NodeTwoTest.swift */,
				D03F5E362101512800ED8884 /* PeersTwoTest.swift */,
				D03F5E3C2101575500ED8884 /* TransactionsTwoTest.swift */,
				D03F5E38210151E200ED8884 /* VotesTwoTest.swift */,
				D03F5E3A2101551600ED8884 /* WalletsTwoTest.swift */,
			);
			path = Two;
			sourceTree = "<group>";
		};
		D0DE445A20F52ADF00079494 = {
			isa = PBXGroup;
			children = (
				D0DE446620F52ADF00079494 /* Client */,
				D0DE447120F52ADF00079494 /* ClientTests */,
				D0DE446520F52ADF00079494 /* Products */,
				D0DE448120F5377000079494 /* Alamofire.framework */,
			);
			sourceTree = "<group>";
		};
		D0DE446520F52ADF00079494 /* Products */ = {
			isa = PBXGroup;
			children = (
				D0DE446420F52ADF00079494 /* Client.framework */,
				D0DE446D20F52ADF00079494 /* ClientTests.xctest */,
				D03F5E6D2104BC9300ED8884 /* Client.framework */,
				D03F5E752104BC9400ED8884 /* ClientTests.xctest */,
			);
			name = Products;
			sourceTree = "<group>";
		};
		D0DE446620F52ADF00079494 /* Client */ = {
			isa = PBXGroup;
			children = (
				D0DE447E20F52B5F00079494 /* Api */,
				D0DE448C20F6941900079494 /* ArkError.swift */,
				D0DE446720F52ADF00079494 /* Client.h */,
				D0DE448620F53A8E00079494 /* Connection.swift */,
				D03F5E642103B04500ED8884 /* ConnectionManager.swift */,
				D03F5E88210501D500ED8884 /* Info-iOS.plist */,
				D0DE446820F52ADF00079494 /* Info-macOS.plist */,
				D03F5DF120F908FC00ED8884 /* Util.swift */,
			);
			path = Client;
			sourceTree = "<group>";
		};
		D0DE447120F52ADF00079494 /* ClientTests */ = {
			isa = PBXGroup;
			children = (
				D03F5E0720FAA0C800ED8884 /* Api */,
				D03F5E662103B97A00ED8884 /* ConnectionManagerTest.swift */,
				D03F5E89210501E900ED8884 /* Info-iOS.plist */,
				D0DE447420F52ADF00079494 /* Info-macOS.plist */,
				D03F5E1F20FBE5BA00ED8884 /* TestHelpers.swift */,
			);
			path = ClientTests;
			sourceTree = "<group>";
		};
		D0DE447E20F52B5F00079494 /* Api */ = {
			isa = PBXGroup;
			children = (
				D0DE447F20F52B6B00079494 /* One */,
				D0DE448020F52B7700079494 /* Two */,
			);
			path = Api;
			sourceTree = "<group>";
		};
		D0DE447F20F52B6B00079494 /* One */ = {
			isa = PBXGroup;
			children = (
				D03F5E0320FA9A1F00ED8884 /* One.swift */,
				D0DE448820F53B2100079494 /* AccountsOne.swift */,
				D03F5DEF20F8E46D00ED8884 /* BlocksOne.swift */,
				D03F5DF320F90F1A00ED8884 /* DelegatesOne.swift */,
				D03F5DF520F92DE000ED8884 /* LoaderOne.swift */,
				D03F5DF720F92F4400ED8884 /* PeersOne.swift */,
				D03F5DF920F9311800ED8884 /* SignaturesOne.swift */,
				D03F5DFB20F931ED00ED8884 /* TransactionsOne.swift */,
			);
			path = One;
			sourceTree = "<group>";
		};
		D0DE448020F52B7700079494 /* Two */ = {
			isa = PBXGroup;
			children = (
				D03F5E0520FA9A4000ED8884 /* Two.swift */,
				D03F5E0920FAA4EA00ED8884 /* BlocksTwo.swift */,
				D03F5E0C20FAB6CD00ED8884 /* DelegatesTwo.swift */,
				D03F5E0E20FAB88D00ED8884 /* NodeTwo.swift */,
				D03F5E1020FAB93A00ED8884 /* PeersTwo.swift */,
				D03F5E1820FAC1D900ED8884 /* TransactionsTwo.swift */,
				D03F5E1220FAB9BF00ED8884 /* VotesTwo.swift */,
				D03F5E1420FABF3E00ED8884 /* WalletsTwo.swift */,
			);
			path = Two;
			sourceTree = "<group>";
		};
/* End PBXGroup section */

/* Begin PBXHeadersBuildPhase section */
		D03F5E6A2104BC9300ED8884 /* Headers */ = {
			isa = PBXHeadersBuildPhase;
			buildActionMask = 2147483647;
			files = (
				D03F5E8A2105053100ED8884 /* Client.h in Headers */,
			);
			runOnlyForDeploymentPostprocessing = 0;
		};
		D0DE446120F52ADF00079494 /* Headers */ = {
			isa = PBXHeadersBuildPhase;
			buildActionMask = 2147483647;
			files = (
				D0DE447520F52ADF00079494 /* Client.h in Headers */,
			);
			runOnlyForDeploymentPostprocessing = 0;
		};
/* End PBXHeadersBuildPhase section */

/* Begin PBXNativeTarget section */
		D03F5E6C2104BC9300ED8884 /* Client_iOS */ = {
			isa = PBXNativeTarget;
			buildConfigurationList = D03F5E822104BC9400ED8884 /* Build configuration list for PBXNativeTarget "Client_iOS" */;
			buildPhases = (
				D03F5E682104BC9300ED8884 /* Sources */,
				D03F5E692104BC9300ED8884 /* Frameworks */,
				D03F5E6A2104BC9300ED8884 /* Headers */,
				D03F5E6B2104BC9300ED8884 /* Resources */,
			);
			buildRules = (
			);
			dependencies = (
			);
			name = Client_iOS;
			productName = Client_iOS;
			productReference = D03F5E6D2104BC9300ED8884 /* Client.framework */;
			productType = "com.apple.product-type.framework";
		};
		D03F5E742104BC9400ED8884 /* Client_iOSTests */ = {
			isa = PBXNativeTarget;
			buildConfigurationList = D03F5E832104BC9400ED8884 /* Build configuration list for PBXNativeTarget "Client_iOSTests" */;
			buildPhases = (
				D03F5E712104BC9400ED8884 /* Sources */,
				D03F5E722104BC9400ED8884 /* Frameworks */,
				D03F5E732104BC9400ED8884 /* Resources */,
			);
			buildRules = (
			);
			dependencies = (
				D03F5E782104BC9400ED8884 /* PBXTargetDependency */,
			);
			name = Client_iOSTests;
			productName = Client_iOSTests;
			productReference = D03F5E752104BC9400ED8884 /* ClientTests.xctest */;
			productType = "com.apple.product-type.bundle.unit-test";
		};
		D0DE446320F52ADF00079494 /* Client */ = {
			isa = PBXNativeTarget;
			buildConfigurationList = D0DE447820F52ADF00079494 /* Build configuration list for PBXNativeTarget "Client" */;
			buildPhases = (
				D0DE445F20F52ADF00079494 /* Sources */,
				D0DE446020F52ADF00079494 /* Frameworks */,
				D0DE446120F52ADF00079494 /* Headers */,
				D0DE446220F52ADF00079494 /* Resources */,
				D03F5E2E2100BB8B00ED8884 /* ShellScript */,
			);
			buildRules = (
			);
			dependencies = (
			);
			name = Client;
			productName = Client;
			productReference = D0DE446420F52ADF00079494 /* Client.framework */;
			productType = "com.apple.product-type.framework";
		};
		D0DE446C20F52ADF00079494 /* ClientTests */ = {
			isa = PBXNativeTarget;
			buildConfigurationList = D0DE447B20F52ADF00079494 /* Build configuration list for PBXNativeTarget "ClientTests" */;
			buildPhases = (
				D0DE446920F52ADF00079494 /* Sources */,
				D0DE446A20F52ADF00079494 /* Frameworks */,
				D0DE446B20F52ADF00079494 /* Resources */,
				D0DE448A20F544B000079494 /* CopyFiles */,
			);
			buildRules = (
			);
			dependencies = (
				D0DE447020F52ADF00079494 /* PBXTargetDependency */,
			);
			name = ClientTests;
			productName = ClientTests;
			productReference = D0DE446D20F52ADF00079494 /* ClientTests.xctest */;
			productType = "com.apple.product-type.bundle.unit-test";
		};
/* End PBXNativeTarget section */

/* Begin PBXProject section */
		D0DE445B20F52ADF00079494 /* Project object */ = {
			isa = PBXProject;
			attributes = {
				LastSwiftUpdateCheck = 0940;
				LastUpgradeCheck = 0940;
				ORGANIZATIONNAME = "ARK Ecosystem";
				TargetAttributes = {
					D03F5E6C2104BC9300ED8884 = {
						CreatedOnToolsVersion = 9.4.1;
					};
					D03F5E742104BC9400ED8884 = {
						CreatedOnToolsVersion = 9.4.1;
					};
					D0DE446320F52ADF00079494 = {
						CreatedOnToolsVersion = 9.4.1;
						LastSwiftMigration = 0940;
					};
					D0DE446C20F52ADF00079494 = {
						CreatedOnToolsVersion = 9.4.1;
					};
				};
			};
			buildConfigurationList = D0DE445E20F52ADF00079494 /* Build configuration list for PBXProject "Client" */;
			compatibilityVersion = "Xcode 9.3";
			developmentRegion = en;
			hasScannedForEncodings = 0;
			knownRegions = (
				en,
			);
			mainGroup = D0DE445A20F52ADF00079494;
			productRefGroup = D0DE446520F52ADF00079494 /* Products */;
			projectDirPath = "";
			projectRoot = "";
			targets = (
				D0DE446320F52ADF00079494 /* Client */,
				D0DE446C20F52ADF00079494 /* ClientTests */,
				D03F5E6C2104BC9300ED8884 /* Client_iOS */,
				D03F5E742104BC9400ED8884 /* Client_iOSTests */,
			);
		};
/* End PBXProject section */

/* Begin PBXResourcesBuildPhase section */
		D03F5E6B2104BC9300ED8884 /* Resources */ = {
			isa = PBXResourcesBuildPhase;
			buildActionMask = 2147483647;
			files = (
			);
			runOnlyForDeploymentPostprocessing = 0;
		};
		D03F5E732104BC9400ED8884 /* Resources */ = {
			isa = PBXResourcesBuildPhase;
			buildActionMask = 2147483647;
			files = (
			);
			runOnlyForDeploymentPostprocessing = 0;
		};
		D0DE446220F52ADF00079494 /* Resources */ = {
			isa = PBXResourcesBuildPhase;
			buildActionMask = 2147483647;
			files = (
			);
			runOnlyForDeploymentPostprocessing = 0;
		};
		D0DE446B20F52ADF00079494 /* Resources */ = {
			isa = PBXResourcesBuildPhase;
			buildActionMask = 2147483647;
			files = (
			);
			runOnlyForDeploymentPostprocessing = 0;
		};
/* End PBXResourcesBuildPhase section */

/* Begin PBXShellScriptBuildPhase section */
		D03F5E2E2100BB8B00ED8884 /* ShellScript */ = {
			isa = PBXShellScriptBuildPhase;
			buildActionMask = 2147483647;
			files = (
			);
			inputPaths = (
			);
			outputPaths = (
			);
			runOnlyForDeploymentPostprocessing = 0;
			shellPath = /bin/sh;
			shellScript = "if which swiftlint >/dev/null; then\n    swiftlint --strict\nelse\n    echo \"warning: SwiftLint not installed, download from https://github.com/realm/SwiftLint\"\nfi";
		};
/* End PBXShellScriptBuildPhase section */

/* Begin PBXSourcesBuildPhase section */
		D03F5E682104BC9300ED8884 /* Sources */ = {
			isa = PBXSourcesBuildPhase;
			buildActionMask = 2147483647;
			files = (
				D03F5E8B2105056100ED8884 /* ArkError.swift in Sources */,
				D03F5E93210505AA00ED8884 /* LoaderOne.swift in Sources */,
				D03F5E94210505AA00ED8884 /* PeersOne.swift in Sources */,
				D03F5E8D2105056100ED8884 /* ConnectionManager.swift in Sources */,
				D03F5E8C2105056100ED8884 /* Connection.swift in Sources */,
				D03F5E91210505AA00ED8884 /* BlocksOne.swift in Sources */,
				D03F5E9D210505B100ED8884 /* VotesTwo.swift in Sources */,
				D03F5E97210505B100ED8884 /* Two.swift in Sources */,
				D03F5E8F210505AA00ED8884 /* One.swift in Sources */,
				D03F5E9A210505B100ED8884 /* NodeTwo.swift in Sources */,
				D03F5E96210505AA00ED8884 /* TransactionsOne.swift in Sources */,
				D03F5E92210505AA00ED8884 /* DelegatesOne.swift in Sources */,
				D03F5E95210505AA00ED8884 /* SignaturesOne.swift in Sources */,
				D03F5E9E210505B100ED8884 /* WalletsTwo.swift in Sources */,
				D03F5E90210505AA00ED8884 /* AccountsOne.swift in Sources */,
				D03F5E9C210505B100ED8884 /* TransactionsTwo.swift in Sources */,
				D03F5E9B210505B100ED8884 /* PeersTwo.swift in Sources */,
				D03F5E99210505B100ED8884 /* DelegatesTwo.swift in Sources */,
				D03F5E98210505B100ED8884 /* BlocksTwo.swift in Sources */,
				D03F5E8E2105056100ED8884 /* Util.swift in Sources */,
			);
			runOnlyForDeploymentPostprocessing = 0;
		};
		D03F5E712104BC9400ED8884 /* Sources */ = {
			isa = PBXSourcesBuildPhase;
			buildActionMask = 2147483647;
			files = (
				D03F5EA0210505CA00ED8884 /* BlocksOneTest.swift in Sources */,
				D03F5E9F210505CA00ED8884 /* AccountsOneTest.swift in Sources */,
				D03F5EA5210505CA00ED8884 /* TransactionsOneTest.swift in Sources */,
				D03F5EAD210505D400ED8884 /* ConnectionManagerTest.swift in Sources */,
				D03F5EA3210505CA00ED8884 /* PeersOneTest.swift in Sources */,
				D03F5EA8210505CE00ED8884 /* NodeTwoTest.swift in Sources */,
				D03F5EA4210505CA00ED8884 /* SignaturesOneTest.swift in Sources */,
				D03F5EA1210505CA00ED8884 /* DelegatesOneTest.swift in Sources */,
				D03F5EA6210505CE00ED8884 /* BlocksTwoTest.swift in Sources */,
				D03F5EA2210505CA00ED8884 /* LoaderOneTest.swift in Sources */,
				D03F5EA9210505CE00ED8884 /* PeersTwoTest.swift in Sources */,
				D03F5EA7210505CE00ED8884 /* DelegatesTwoTest.swift in Sources */,
				D03F5EAC210505CE00ED8884 /* WalletsTwoTest.swift in Sources */,
				D03F5EAA210505CE00ED8884 /* TransactionsTwoTest.swift in Sources */,
				D03F5EAB210505CE00ED8884 /* VotesTwoTest.swift in Sources */,
				D03F5EAE210505D700ED8884 /* TestHelpers.swift in Sources */,
			);
			runOnlyForDeploymentPostprocessing = 0;
		};
		D0DE445F20F52ADF00079494 /* Sources */ = {
			isa = PBXSourcesBuildPhase;
			buildActionMask = 2147483647;
			files = (
				D03F5DFC20F931ED00ED8884 /* TransactionsOne.swift in Sources */,
				D03F5E1520FABF3E00ED8884 /* WalletsTwo.swift in Sources */,
				D03F5E1320FAB9BF00ED8884 /* VotesTwo.swift in Sources */,
				D03F5E0A20FAA4EA00ED8884 /* BlocksTwo.swift in Sources */,
				D0DE448720F53A8E00079494 /* Connection.swift in Sources */,
				D03F5E652103B04500ED8884 /* ConnectionManager.swift in Sources */,
				D03F5E0420FA9A1F00ED8884 /* One.swift in Sources */,
				D03F5DF020F8E46D00ED8884 /* BlocksOne.swift in Sources */,
				D03F5E1920FAC1D900ED8884 /* TransactionsTwo.swift in Sources */,
				D03F5E1120FAB93A00ED8884 /* PeersTwo.swift in Sources */,
				D03F5DF220F908FC00ED8884 /* Util.swift in Sources */,
				D03F5E0620FA9A4000ED8884 /* Two.swift in Sources */,
				D0DE448D20F6941900079494 /* ArkError.swift in Sources */,
				D03F5DF420F90F1A00ED8884 /* DelegatesOne.swift in Sources */,
				D03F5E0F20FAB88D00ED8884 /* NodeTwo.swift in Sources */,
				D03F5E0D20FAB6CD00ED8884 /* DelegatesTwo.swift in Sources */,
				D03F5DF820F92F4400ED8884 /* PeersOne.swift in Sources */,
				D03F5DF620F92DE000ED8884 /* LoaderOne.swift in Sources */,
				D0DE448920F53B2100079494 /* AccountsOne.swift in Sources */,
				D03F5DFA20F9311800ED8884 /* SignaturesOne.swift in Sources */,
			);
			runOnlyForDeploymentPostprocessing = 0;
		};
		D0DE446920F52ADF00079494 /* Sources */ = {
			isa = PBXSourcesBuildPhase;
			buildActionMask = 2147483647;
			files = (
				D03F5DFE20FA79F700ED8884 /* AccountsOneTest.swift in Sources */,
				D03F5E672103B97A00ED8884 /* ConnectionManagerTest.swift in Sources */,
				D03F5E2B20FD21A800ED8884 /* DelegatesOneTest.swift in Sources */,
				D03F5E2220FBE7D700ED8884 /* BlocksOneTest.swift in Sources */,
				D03F5E2D20FD287100ED8884 /* TransactionsOneTest.swift in Sources */,
				D03F5E2720FBF04C00ED8884 /* PeersOneTest.swift in Sources */,
				D03F5E3D2101575500ED8884 /* TransactionsTwoTest.swift in Sources */,
				D03F5E3321014A6C00ED8884 /* DelegatesTwoTest.swift in Sources */,
				D03F5E2920FBF1A900ED8884 /* SignaturesOneTest.swift in Sources */,
				D03F5E2020FBE5BA00ED8884 /* TestHelpers.swift in Sources */,
				D03F5E352101504D00ED8884 /* NodeTwoTest.swift in Sources */,
				D03F5E31210141A100ED8884 /* BlocksTwoTest.swift in Sources */,
				D03F5E372101512800ED8884 /* PeersTwoTest.swift in Sources */,
				D03F5E3B2101551600ED8884 /* WalletsTwoTest.swift in Sources */,
				D03F5E2520FBEEF400ED8884 /* LoaderOneTest.swift in Sources */,
				D03F5E39210151E200ED8884 /* VotesTwoTest.swift in Sources */,
			);
			runOnlyForDeploymentPostprocessing = 0;
		};
/* End PBXSourcesBuildPhase section */

/* Begin PBXTargetDependency section */
		D03F5E782104BC9400ED8884 /* PBXTargetDependency */ = {
			isa = PBXTargetDependency;
			target = D03F5E6C2104BC9300ED8884 /* Client_iOS */;
			targetProxy = D03F5E772104BC9400ED8884 /* PBXContainerItemProxy */;
		};
		D0DE447020F52ADF00079494 /* PBXTargetDependency */ = {
			isa = PBXTargetDependency;
			target = D0DE446320F52ADF00079494 /* Client */;
			targetProxy = D0DE446F20F52ADF00079494 /* PBXContainerItemProxy */;
		};
/* End PBXTargetDependency section */

/* Begin XCBuildConfiguration section */
		D03F5E7E2104BC9400ED8884 /* Debug */ = {
			isa = XCBuildConfiguration;
			buildSettings = {
				CODE_SIGN_IDENTITY = "iPhone Developer";
				CODE_SIGN_STYLE = Automatic;
				DEFINES_MODULE = YES;
				DYLIB_COMPATIBILITY_VERSION = 1;
				DYLIB_CURRENT_VERSION = 1;
				DYLIB_INSTALL_NAME_BASE = "@rpath";
				FRAMEWORK_SEARCH_PATHS = (
					"$(inherited)",
					"$(PROJECT_DIR)/Carthage/Build/iOS",
				);
				INFOPLIST_FILE = "Client/Info-iOS.plist";
				INSTALL_PATH = "$(LOCAL_LIBRARY_DIR)/Frameworks";
				IPHONEOS_DEPLOYMENT_TARGET = 11.4;
				LD_RUNPATH_SEARCH_PATHS = (
					"$(inherited)",
					"@executable_path/../Frameworks",
					"@loader_path/Frameworks",
					"$(PROJECT_DIR)/Carthage/Build/iOS",
				);
				PRODUCT_BUNDLE_IDENTIFIER = "io.ark.$(PROJECT_NAME)";
				SDKROOT = iphoneos;
				SKIP_INSTALL = YES;
				SWIFT_VERSION = 4.0;
				TARGETED_DEVICE_FAMILY = "1,2";
			};
			name = Debug;
		};
		D03F5E7F2104BC9400ED8884 /* Release */ = {
			isa = XCBuildConfiguration;
			buildSettings = {
				CODE_SIGN_IDENTITY = "iPhone Developer";
				CODE_SIGN_STYLE = Automatic;
				DEFINES_MODULE = YES;
				DYLIB_COMPATIBILITY_VERSION = 1;
				DYLIB_CURRENT_VERSION = 1;
				DYLIB_INSTALL_NAME_BASE = "@rpath";
				FRAMEWORK_SEARCH_PATHS = (
					"$(inherited)",
					"$(PROJECT_DIR)/Carthage/Build/iOS",
				);
				INFOPLIST_FILE = "Client/Info-iOS.plist";
				INSTALL_PATH = "$(LOCAL_LIBRARY_DIR)/Frameworks";
				IPHONEOS_DEPLOYMENT_TARGET = 11.4;
				LD_RUNPATH_SEARCH_PATHS = (
					"$(inherited)",
					"@executable_path/../Frameworks",
					"@loader_path/Frameworks",
					"$(PROJECT_DIR)/Carthage/Build/iOS",
				);
				PRODUCT_BUNDLE_IDENTIFIER = "io.ark.$(PROJECT_NAME)";
				SDKROOT = iphoneos;
				SKIP_INSTALL = YES;
				SWIFT_VERSION = 4.0;
				TARGETED_DEVICE_FAMILY = "1,2";
				VALIDATE_PRODUCT = YES;
			};
			name = Release;
		};
		D03F5E802104BC9400ED8884 /* Debug */ = {
			isa = XCBuildConfiguration;
			buildSettings = {
				ALWAYS_EMBED_SWIFT_STANDARD_LIBRARIES = YES;
				CODE_SIGN_IDENTITY = "iPhone Developer";
				CODE_SIGN_STYLE = Automatic;
				FRAMEWORK_SEARCH_PATHS = (
					"$(inherited)",
					"$(PROJECT_DIR)/Carthage/Build/iOS",
				);
				INFOPLIST_FILE = "ClientTests/Info-iOS.plist";
				IPHONEOS_DEPLOYMENT_TARGET = 11.4;
				LD_RUNPATH_SEARCH_PATHS = (
					"$(inherited)",
					"@executable_path/../Frameworks",
					"@loader_path/Frameworks",
					"$(PROJECT_DIR)/Carthage/Build/iOS",
				);
				PRODUCT_BUNDLE_IDENTIFIER = io.ark.ClientTests;
				PRODUCT_NAME = ClientTests;
				SDKROOT = iphoneos;
				SWIFT_VERSION = 4.0;
				TARGETED_DEVICE_FAMILY = "1,2";
			};
			name = Debug;
		};
		D03F5E812104BC9400ED8884 /* Release */ = {
			isa = XCBuildConfiguration;
			buildSettings = {
				ALWAYS_EMBED_SWIFT_STANDARD_LIBRARIES = YES;
				CODE_SIGN_IDENTITY = "iPhone Developer";
				CODE_SIGN_STYLE = Automatic;
				FRAMEWORK_SEARCH_PATHS = (
					"$(inherited)",
					"$(PROJECT_DIR)/Carthage/Build/iOS",
				);
				INFOPLIST_FILE = "ClientTests/Info-iOS.plist";
				IPHONEOS_DEPLOYMENT_TARGET = 11.4;
				LD_RUNPATH_SEARCH_PATHS = (
					"$(inherited)",
					"@executable_path/../Frameworks",
					"@loader_path/Frameworks",
					"$(PROJECT_DIR)/Carthage/Build/iOS",
				);
				PRODUCT_BUNDLE_IDENTIFIER = io.ark.ClientTests;
				PRODUCT_NAME = ClientTests;
				SDKROOT = iphoneos;
				SWIFT_VERSION = 4.0;
				TARGETED_DEVICE_FAMILY = "1,2";
				VALIDATE_PRODUCT = YES;
			};
			name = Release;
		};
		D0DE447620F52ADF00079494 /* Debug */ = {
			isa = XCBuildConfiguration;
			buildSettings = {
				ALWAYS_SEARCH_USER_PATHS = NO;
				CLANG_ANALYZER_NONNULL = YES;
				CLANG_ANALYZER_NUMBER_OBJECT_CONVERSION = YES_AGGRESSIVE;
				CLANG_CXX_LANGUAGE_STANDARD = "gnu++14";
				CLANG_CXX_LIBRARY = "libc++";
				CLANG_ENABLE_MODULES = YES;
				CLANG_ENABLE_OBJC_ARC = YES;
				CLANG_ENABLE_OBJC_WEAK = YES;
				CLANG_WARN_BLOCK_CAPTURE_AUTORELEASING = YES;
				CLANG_WARN_BOOL_CONVERSION = YES;
				CLANG_WARN_COMMA = YES;
				CLANG_WARN_CONSTANT_CONVERSION = YES;
				CLANG_WARN_DEPRECATED_OBJC_IMPLEMENTATIONS = YES;
				CLANG_WARN_DIRECT_OBJC_ISA_USAGE = YES_ERROR;
				CLANG_WARN_DOCUMENTATION_COMMENTS = YES;
				CLANG_WARN_EMPTY_BODY = YES;
				CLANG_WARN_ENUM_CONVERSION = YES;
				CLANG_WARN_INFINITE_RECURSION = YES;
				CLANG_WARN_INT_CONVERSION = YES;
				CLANG_WARN_NON_LITERAL_NULL_CONVERSION = YES;
				CLANG_WARN_OBJC_IMPLICIT_RETAIN_SELF = YES;
				CLANG_WARN_OBJC_LITERAL_CONVERSION = YES;
				CLANG_WARN_OBJC_ROOT_CLASS = YES_ERROR;
				CLANG_WARN_RANGE_LOOP_ANALYSIS = YES;
				CLANG_WARN_STRICT_PROTOTYPES = YES;
				CLANG_WARN_SUSPICIOUS_MOVE = YES;
				CLANG_WARN_UNGUARDED_AVAILABILITY = YES_AGGRESSIVE;
				CLANG_WARN_UNREACHABLE_CODE = YES;
				CLANG_WARN__DUPLICATE_METHOD_MATCH = YES;
				CODE_SIGN_IDENTITY = "-";
				COPY_PHASE_STRIP = NO;
				CURRENT_PROJECT_VERSION = 1;
				DEBUG_INFORMATION_FORMAT = dwarf;
				ENABLE_STRICT_OBJC_MSGSEND = YES;
				ENABLE_TESTABILITY = YES;
				GCC_C_LANGUAGE_STANDARD = gnu11;
				GCC_DYNAMIC_NO_PIC = NO;
				GCC_NO_COMMON_BLOCKS = YES;
				GCC_OPTIMIZATION_LEVEL = 0;
				GCC_PREPROCESSOR_DEFINITIONS = (
					"DEBUG=1",
					"$(inherited)",
				);
				GCC_WARN_64_TO_32_BIT_CONVERSION = YES;
				GCC_WARN_ABOUT_RETURN_TYPE = YES_ERROR;
				GCC_WARN_UNDECLARED_SELECTOR = YES;
				GCC_WARN_UNINITIALIZED_AUTOS = YES_AGGRESSIVE;
				GCC_WARN_UNUSED_FUNCTION = YES;
				GCC_WARN_UNUSED_VARIABLE = YES;
				MACOSX_DEPLOYMENT_TARGET = 10.13;
				MTL_ENABLE_DEBUG_INFO = YES;
				ONLY_ACTIVE_ARCH = YES;
				PRODUCT_NAME = "$(PROJECT_NAME)";
				SDKROOT = macosx;
				SWIFT_ACTIVE_COMPILATION_CONDITIONS = DEBUG;
				SWIFT_OPTIMIZATION_LEVEL = "-Onone";
				SWIFT_VERSION = 4.0;
				VERSIONING_SYSTEM = "apple-generic";
				VERSION_INFO_PREFIX = "";
			};
			name = Debug;
		};
		D0DE447720F52ADF00079494 /* Release */ = {
			isa = XCBuildConfiguration;
			buildSettings = {
				ALWAYS_SEARCH_USER_PATHS = NO;
				CLANG_ANALYZER_NONNULL = YES;
				CLANG_ANALYZER_NUMBER_OBJECT_CONVERSION = YES_AGGRESSIVE;
				CLANG_CXX_LANGUAGE_STANDARD = "gnu++14";
				CLANG_CXX_LIBRARY = "libc++";
				CLANG_ENABLE_MODULES = YES;
				CLANG_ENABLE_OBJC_ARC = YES;
				CLANG_ENABLE_OBJC_WEAK = YES;
				CLANG_WARN_BLOCK_CAPTURE_AUTORELEASING = YES;
				CLANG_WARN_BOOL_CONVERSION = YES;
				CLANG_WARN_COMMA = YES;
				CLANG_WARN_CONSTANT_CONVERSION = YES;
				CLANG_WARN_DEPRECATED_OBJC_IMPLEMENTATIONS = YES;
				CLANG_WARN_DIRECT_OBJC_ISA_USAGE = YES_ERROR;
				CLANG_WARN_DOCUMENTATION_COMMENTS = YES;
				CLANG_WARN_EMPTY_BODY = YES;
				CLANG_WARN_ENUM_CONVERSION = YES;
				CLANG_WARN_INFINITE_RECURSION = YES;
				CLANG_WARN_INT_CONVERSION = YES;
				CLANG_WARN_NON_LITERAL_NULL_CONVERSION = YES;
				CLANG_WARN_OBJC_IMPLICIT_RETAIN_SELF = YES;
				CLANG_WARN_OBJC_LITERAL_CONVERSION = YES;
				CLANG_WARN_OBJC_ROOT_CLASS = YES_ERROR;
				CLANG_WARN_RANGE_LOOP_ANALYSIS = YES;
				CLANG_WARN_STRICT_PROTOTYPES = YES;
				CLANG_WARN_SUSPICIOUS_MOVE = YES;
				CLANG_WARN_UNGUARDED_AVAILABILITY = YES_AGGRESSIVE;
				CLANG_WARN_UNREACHABLE_CODE = YES;
				CLANG_WARN__DUPLICATE_METHOD_MATCH = YES;
				CODE_SIGN_IDENTITY = "-";
				COPY_PHASE_STRIP = NO;
				CURRENT_PROJECT_VERSION = 1;
				DEBUG_INFORMATION_FORMAT = "dwarf-with-dsym";
				ENABLE_NS_ASSERTIONS = NO;
				ENABLE_STRICT_OBJC_MSGSEND = YES;
				GCC_C_LANGUAGE_STANDARD = gnu11;
				GCC_NO_COMMON_BLOCKS = YES;
				GCC_WARN_64_TO_32_BIT_CONVERSION = YES;
				GCC_WARN_ABOUT_RETURN_TYPE = YES_ERROR;
				GCC_WARN_UNDECLARED_SELECTOR = YES;
				GCC_WARN_UNINITIALIZED_AUTOS = YES_AGGRESSIVE;
				GCC_WARN_UNUSED_FUNCTION = YES;
				GCC_WARN_UNUSED_VARIABLE = YES;
				MACOSX_DEPLOYMENT_TARGET = 10.13;
				MTL_ENABLE_DEBUG_INFO = NO;
				PRODUCT_NAME = "$(PROJECT_NAME)";
				SDKROOT = macosx;
				SWIFT_COMPILATION_MODE = wholemodule;
				SWIFT_OPTIMIZATION_LEVEL = "-O";
				SWIFT_VERSION = 4.0;
				VERSIONING_SYSTEM = "apple-generic";
				VERSION_INFO_PREFIX = "";
			};
			name = Release;
		};
		D0DE447920F52ADF00079494 /* Debug */ = {
			isa = XCBuildConfiguration;
			buildSettings = {
				CLANG_ENABLE_MODULES = YES;
				CODE_SIGN_IDENTITY = "";
				CODE_SIGN_STYLE = Automatic;
				COMBINE_HIDPI_IMAGES = YES;
				DEFINES_MODULE = YES;
				DYLIB_COMPATIBILITY_VERSION = 1;
				DYLIB_CURRENT_VERSION = 1;
				DYLIB_INSTALL_NAME_BASE = "@rpath";
				FRAMEWORK_SEARCH_PATHS = (
					"$(inherited)",
					"$(PROJECT_DIR)/Carthage/Build/Mac",
				);
				FRAMEWORK_VERSION = A;
				INFOPLIST_FILE = "Client/Info-macOS.plist";
				INSTALL_PATH = "$(LOCAL_LIBRARY_DIR)/Frameworks";
				LD_RUNPATH_SEARCH_PATHS = (
					"$(inherited)",
					"@executable_path/../Frameworks",
					"@loader_path/Frameworks",
				);
				PRODUCT_BUNDLE_IDENTIFIER = "io.ark.$(PROJECT_NAME)";
				SKIP_INSTALL = YES;
				SWIFT_OPTIMIZATION_LEVEL = "-Onone";
				SWIFT_VERSION = 4.0;
			};
			name = Debug;
		};
		D0DE447A20F52ADF00079494 /* Release */ = {
			isa = XCBuildConfiguration;
			buildSettings = {
				CLANG_ENABLE_MODULES = YES;
				CODE_SIGN_IDENTITY = "";
				CODE_SIGN_STYLE = Automatic;
				COMBINE_HIDPI_IMAGES = YES;
				DEFINES_MODULE = YES;
				DYLIB_COMPATIBILITY_VERSION = 1;
				DYLIB_CURRENT_VERSION = 1;
				DYLIB_INSTALL_NAME_BASE = "@rpath";
				FRAMEWORK_SEARCH_PATHS = (
					"$(inherited)",
					"$(PROJECT_DIR)/Carthage/Build/Mac",
				);
				FRAMEWORK_VERSION = A;
				INFOPLIST_FILE = "Client/Info-macOS.plist";
				INSTALL_PATH = "$(LOCAL_LIBRARY_DIR)/Frameworks";
				LD_RUNPATH_SEARCH_PATHS = (
					"$(inherited)",
					"@executable_path/../Frameworks",
					"@loader_path/Frameworks",
				);
				PRODUCT_BUNDLE_IDENTIFIER = "io.ark.$(PROJECT_NAME)";
				SKIP_INSTALL = YES;
				SWIFT_VERSION = 4.0;
			};
			name = Release;
		};
		D0DE447C20F52ADF00079494 /* Debug */ = {
			isa = XCBuildConfiguration;
			buildSettings = {
				ALWAYS_EMBED_SWIFT_STANDARD_LIBRARIES = YES;
				CODE_SIGN_STYLE = Automatic;
				COMBINE_HIDPI_IMAGES = YES;
				FRAMEWORK_SEARCH_PATHS = (
					"$(inherited)",
					"$(PROJECT_DIR)/Carthage/Build/Mac",
				);
				INFOPLIST_FILE = "ClientTests/Info-macOS.plist";
				LD_RUNPATH_SEARCH_PATHS = (
					"$(inherited)",
					"@executable_path/../Frameworks",
					"@loader_path/../Frameworks",
				);
				PRODUCT_BUNDLE_IDENTIFIER = io.ark.ClientTests;
				PRODUCT_NAME = ClientTests;
				SWIFT_VERSION = 4.0;
			};
			name = Debug;
		};
		D0DE447D20F52ADF00079494 /* Release */ = {
			isa = XCBuildConfiguration;
			buildSettings = {
				ALWAYS_EMBED_SWIFT_STANDARD_LIBRARIES = YES;
				CODE_SIGN_STYLE = Automatic;
				COMBINE_HIDPI_IMAGES = YES;
				FRAMEWORK_SEARCH_PATHS = (
					"$(inherited)",
					"$(PROJECT_DIR)/Carthage/Build/Mac",
				);
				INFOPLIST_FILE = "ClientTests/Info-macOS.plist";
				LD_RUNPATH_SEARCH_PATHS = (
					"$(inherited)",
					"@executable_path/../Frameworks",
					"@loader_path/../Frameworks",
				);
				PRODUCT_BUNDLE_IDENTIFIER = io.ark.ClientTests;
				PRODUCT_NAME = ClientTests;
				SWIFT_VERSION = 4.0;
			};
			name = Release;
		};
/* End XCBuildConfiguration section */

/* Begin XCConfigurationList section */
		D03F5E822104BC9400ED8884 /* Build configuration list for PBXNativeTarget "Client_iOS" */ = {
			isa = XCConfigurationList;
			buildConfigurations = (
				D03F5E7E2104BC9400ED8884 /* Debug */,
				D03F5E7F2104BC9400ED8884 /* Release */,
			);
			defaultConfigurationIsVisible = 0;
			defaultConfigurationName = Release;
		};
		D03F5E832104BC9400ED8884 /* Build configuration list for PBXNativeTarget "Client_iOSTests" */ = {
			isa = XCConfigurationList;
			buildConfigurations = (
				D03F5E802104BC9400ED8884 /* Debug */,
				D03F5E812104BC9400ED8884 /* Release */,
			);
			defaultConfigurationIsVisible = 0;
			defaultConfigurationName = Release;
		};
		D0DE445E20F52ADF00079494 /* Build configuration list for PBXProject "Client" */ = {
			isa = XCConfigurationList;
			buildConfigurations = (
				D0DE447620F52ADF00079494 /* Debug */,
				D0DE447720F52ADF00079494 /* Release */,
			);
			defaultConfigurationIsVisible = 0;
			defaultConfigurationName = Release;
		};
		D0DE447820F52ADF00079494 /* Build configuration list for PBXNativeTarget "Client" */ = {
			isa = XCConfigurationList;
			buildConfigurations = (
				D0DE447920F52ADF00079494 /* Debug */,
				D0DE447A20F52ADF00079494 /* Release */,
			);
			defaultConfigurationIsVisible = 0;
			defaultConfigurationName = Release;
		};
		D0DE447B20F52ADF00079494 /* Build configuration list for PBXNativeTarget "ClientTests" */ = {
			isa = XCConfigurationList;
			buildConfigurations = (
				D0DE447C20F52ADF00079494 /* Debug */,
				D0DE447D20F52ADF00079494 /* Release */,
			);
			defaultConfigurationIsVisible = 0;
			defaultConfigurationName = Release;
		};
/* End XCConfigurationList section */
	};
	rootObject = D0DE445B20F52ADF00079494 /* Project object */;
}
